
Microsoft Visual Studio Solution File, Format Version 12.00
# Visual Studio 15
VisualStudioVersion = 15.0.27703.2047
MinimumVisualStudioVersion = 10.0.40219.1
Project("{FAE04EC0-301F-11D3-BF4B-00C04F79EFBC}") = "FrmPractica", "FrmPractica\FrmPractica.csproj", "{338491AA-722C-43B3-B6C3-566B5CC67A2F}"
EndProject
Global
	GlobalSection(SolutionConfigurationPlatforms) = preSolution
		Debug|Any CPU = Debug|Any CPU
		Release|Any CPU = Release|Any CPU
	EndGlobalSection
	GlobalSection(ProjectConfigurationPlatforms) = postSolution
		{338491AA-722C-43B3-B6C3-566B5CC67A2F}.Debug|Any CPU.ActiveCfg = Debug|Any CPU
		{338491AA-722C-43B3-B6C3-566B5CC67A2F}.Debug|Any CPU.Build.0 = Debug|Any CPU
		{338491AA-722C-43B3-B6C3-566B5CC67A2F}.Release|Any CPU.ActiveCfg = Release|Any CPU
		{338491AA-722C-43B3-B6C3-566B5CC67A2F}.Release|Any CPU.Build.0 = Release|Any CPU
	EndGlobalSection
	GlobalSection(SolutionProperties) = preSolution
		HideSolutionNode = FALSE
	EndGlobalSection
	GlobalSection(ExtensibilityGlobals) = postSolution
		SolutionGuid = {6EA7E992-A4BB-4F2B-9420-C94E7C43F92E}
	EndGlobalSection
EndGlobal
