
Microsoft Visual Studio Solution File, Format Version 12.00
# Visual Studio 15
VisualStudioVersion = 15.0.28307.489
MinimumVisualStudioVersion = 10.0.40219.1
Project("{FAE04EC0-301F-11D3-BF4B-00C04F79EFBC}") = "Entidades", "Entidades\Entidades.csproj", "{EEE64A18-11C0-4830-9442-6D81FDF2A466}"
EndProject
Project("{FAE04EC0-301F-11D3-BF4B-00C04F79EFBC}") = "TestEstante", "TestEstante\TestEstante.csproj", "{C766A875-73DF-40BC-8E1B-4A8092F3DD90}"
EndProject
Global
	GlobalSection(SolutionConfigurationPlatforms) = preSolution
		Debug|Any CPU = Debug|Any CPU
		Release|Any CPU = Release|Any CPU
	EndGlobalSection
	GlobalSection(ProjectConfigurationPlatforms) = postSolution
		{EEE64A18-11C0-4830-9442-6D81FDF2A466}.Debug|Any CPU.ActiveCfg = Debug|Any CPU
		{EEE64A18-11C0-4830-9442-6D81FDF2A466}.Debug|Any CPU.Build.0 = Debug|Any CPU
		{EEE64A18-11C0-4830-9442-6D81FDF2A466}.Release|Any CPU.ActiveCfg = Release|Any CPU
		{EEE64A18-11C0-4830-9442-6D81FDF2A466}.Release|Any CPU.Build.0 = Release|Any CPU
		{C766A875-73DF-40BC-8E1B-4A8092F3DD90}.Debug|Any CPU.ActiveCfg = Debug|Any CPU
		{C766A875-73DF-40BC-8E1B-4A8092F3DD90}.Debug|Any CPU.Build.0 = Debug|Any CPU
		{C766A875-73DF-40BC-8E1B-4A8092F3DD90}.Release|Any CPU.ActiveCfg = Release|Any CPU
		{C766A875-73DF-40BC-8E1B-4A8092F3DD90}.Release|Any CPU.Build.0 = Release|Any CPU
	EndGlobalSection
	GlobalSection(SolutionProperties) = preSolution
		HideSolutionNode = FALSE
	EndGlobalSection
	GlobalSection(ExtensibilityGlobals) = postSolution
		SolutionGuid = {2415EE6B-0BBB-4BDF-AA7B-FD66040091C0}
	EndGlobalSection
EndGlobal
