
Microsoft Visual Studio Solution File, Format Version 12.00
# Visual Studio 15
VisualStudioVersion = 15.0.27703.2047
MinimumVisualStudioVersion = 10.0.40219.1
Project("{FAE04EC0-301F-11D3-BF4B-00C04F79EFBC}") = "Ejercicio_38", "Ejercicio_38\Ejercicio_38.csproj", "{20CDA825-BD10-4EF9-A003-378D0E8E931B}"
EndProject
Global
	GlobalSection(SolutionConfigurationPlatforms) = preSolution
		Debug|Any CPU = Debug|Any CPU
		Release|Any CPU = Release|Any CPU
	EndGlobalSection
	GlobalSection(ProjectConfigurationPlatforms) = postSolution
		{20CDA825-BD10-4EF9-A003-378D0E8E931B}.Debug|Any CPU.ActiveCfg = Debug|Any CPU
		{20CDA825-BD10-4EF9-A003-378D0E8E931B}.Debug|Any CPU.Build.0 = Debug|Any CPU
		{20CDA825-BD10-4EF9-A003-378D0E8E931B}.Release|Any CPU.ActiveCfg = Release|Any CPU
		{20CDA825-BD10-4EF9-A003-378D0E8E931B}.Release|Any CPU.Build.0 = Release|Any CPU
	EndGlobalSection
	GlobalSection(SolutionProperties) = preSolution
		HideSolutionNode = FALSE
	EndGlobalSection
	GlobalSection(ExtensibilityGlobals) = postSolution
		SolutionGuid = {DC02F11E-814B-4A96-A977-E0427196BFE1}
	EndGlobalSection
EndGlobal
