
Microsoft Visual Studio Solution File, Format Version 12.00
# Visual Studio 15
VisualStudioVersion = 15.0.27703.2047
MinimumVisualStudioVersion = 10.0.40219.1
Project("{FAE04EC0-301F-11D3-BF4B-00C04F79EFBC}") = "Ejercicio 42", "Ejercicio 42\Ejercicio 42.csproj", "{ABC0C7D7-CB2D-4A81-881A-8693C3B53D80}"
EndProject
Project("{FAE04EC0-301F-11D3-BF4B-00C04F79EFBC}") = "Console", "Console\Console.csproj", "{5132A336-18A0-428E-AA0D-A7FA52B0F33F}"
EndProject
Global
	GlobalSection(SolutionConfigurationPlatforms) = preSolution
		Debug|Any CPU = Debug|Any CPU
		Release|Any CPU = Release|Any CPU
	EndGlobalSection
	GlobalSection(ProjectConfigurationPlatforms) = postSolution
		{ABC0C7D7-CB2D-4A81-881A-8693C3B53D80}.Debug|Any CPU.ActiveCfg = Debug|Any CPU
		{ABC0C7D7-CB2D-4A81-881A-8693C3B53D80}.Debug|Any CPU.Build.0 = Debug|Any CPU
		{ABC0C7D7-CB2D-4A81-881A-8693C3B53D80}.Release|Any CPU.ActiveCfg = Release|Any CPU
		{ABC0C7D7-CB2D-4A81-881A-8693C3B53D80}.Release|Any CPU.Build.0 = Release|Any CPU
		{5132A336-18A0-428E-AA0D-A7FA52B0F33F}.Debug|Any CPU.ActiveCfg = Debug|Any CPU
		{5132A336-18A0-428E-AA0D-A7FA52B0F33F}.Debug|Any CPU.Build.0 = Debug|Any CPU
		{5132A336-18A0-428E-AA0D-A7FA52B0F33F}.Release|Any CPU.ActiveCfg = Release|Any CPU
		{5132A336-18A0-428E-AA0D-A7FA52B0F33F}.Release|Any CPU.Build.0 = Release|Any CPU
	EndGlobalSection
	GlobalSection(SolutionProperties) = preSolution
		HideSolutionNode = FALSE
	EndGlobalSection
	GlobalSection(ExtensibilityGlobals) = postSolution
		SolutionGuid = {97238489-CBD4-4F8F-9635-55D4878E28D5}
	EndGlobalSection
EndGlobal
