
Microsoft Visual Studio Solution File, Format Version 12.00
# Visual Studio 15
VisualStudioVersion = 15.0.27703.2047
MinimumVisualStudioVersion = 10.0.40219.1
Project("{FAE04EC0-301F-11D3-BF4B-00C04F79EFBC}") = "Entidades", "Entidades\Entidades.csproj", "{947870EA-298A-459B-A628-7EE621601B51}"
EndProject
Project("{FAE04EC0-301F-11D3-BF4B-00C04F79EFBC}") = "Formulario", "Formulario\Formulario.csproj", "{7444CC54-EA80-4AC8-9470-213216DF13A5}"
EndProject
Global
	GlobalSection(SolutionConfigurationPlatforms) = preSolution
		Debug|Any CPU = Debug|Any CPU
		Release|Any CPU = Release|Any CPU
	EndGlobalSection
	GlobalSection(ProjectConfigurationPlatforms) = postSolution
		{947870EA-298A-459B-A628-7EE621601B51}.Debug|Any CPU.ActiveCfg = Debug|Any CPU
		{947870EA-298A-459B-A628-7EE621601B51}.Debug|Any CPU.Build.0 = Debug|Any CPU
		{947870EA-298A-459B-A628-7EE621601B51}.Release|Any CPU.ActiveCfg = Release|Any CPU
		{947870EA-298A-459B-A628-7EE621601B51}.Release|Any CPU.Build.0 = Release|Any CPU
		{7444CC54-EA80-4AC8-9470-213216DF13A5}.Debug|Any CPU.ActiveCfg = Debug|Any CPU
		{7444CC54-EA80-4AC8-9470-213216DF13A5}.Debug|Any CPU.Build.0 = Debug|Any CPU
		{7444CC54-EA80-4AC8-9470-213216DF13A5}.Release|Any CPU.ActiveCfg = Release|Any CPU
		{7444CC54-EA80-4AC8-9470-213216DF13A5}.Release|Any CPU.Build.0 = Release|Any CPU
	EndGlobalSection
	GlobalSection(SolutionProperties) = preSolution
		HideSolutionNode = FALSE
	EndGlobalSection
	GlobalSection(ExtensibilityGlobals) = postSolution
		SolutionGuid = {B0985A82-C837-4ABB-B1B5-4FD03C9D6799}
	EndGlobalSection
EndGlobal
