
Microsoft Visual Studio Solution File, Format Version 12.00
# Visual Studio 15
VisualStudioVersion = 15.0.27703.2047
MinimumVisualStudioVersion = 10.0.40219.1
Project("{FAE04EC0-301F-11D3-BF4B-00C04F79EFBC}") = "VistaConsola", "ModeloParcial\VistaConsola.csproj", "{E80D32FF-86DE-400D-8589-BB6A488A51C6}"
EndProject
Project("{FAE04EC0-301F-11D3-BF4B-00C04F79EFBC}") = "Entidades", "Entidades\Entidades.csproj", "{389F2A30-3050-4043-B315-133FACC6C819}"
EndProject
Project("{FAE04EC0-301F-11D3-BF4B-00C04F79EFBC}") = "VistaForm", "VistaForm\VistaForm.csproj", "{F6C3142C-A6A7-434E-A0DC-A838C17CA271}"
EndProject
Global
	GlobalSection(SolutionConfigurationPlatforms) = preSolution
		Debug|Any CPU = Debug|Any CPU
		Release|Any CPU = Release|Any CPU
	EndGlobalSection
	GlobalSection(ProjectConfigurationPlatforms) = postSolution
		{E80D32FF-86DE-400D-8589-BB6A488A51C6}.Debug|Any CPU.ActiveCfg = Debug|Any CPU
		{E80D32FF-86DE-400D-8589-BB6A488A51C6}.Debug|Any CPU.Build.0 = Debug|Any CPU
		{E80D32FF-86DE-400D-8589-BB6A488A51C6}.Release|Any CPU.ActiveCfg = Release|Any CPU
		{E80D32FF-86DE-400D-8589-BB6A488A51C6}.Release|Any CPU.Build.0 = Release|Any CPU
		{389F2A30-3050-4043-B315-133FACC6C819}.Debug|Any CPU.ActiveCfg = Debug|Any CPU
		{389F2A30-3050-4043-B315-133FACC6C819}.Debug|Any CPU.Build.0 = Debug|Any CPU
		{389F2A30-3050-4043-B315-133FACC6C819}.Release|Any CPU.ActiveCfg = Release|Any CPU
		{389F2A30-3050-4043-B315-133FACC6C819}.Release|Any CPU.Build.0 = Release|Any CPU
		{F6C3142C-A6A7-434E-A0DC-A838C17CA271}.Debug|Any CPU.ActiveCfg = Debug|Any CPU
		{F6C3142C-A6A7-434E-A0DC-A838C17CA271}.Debug|Any CPU.Build.0 = Debug|Any CPU
		{F6C3142C-A6A7-434E-A0DC-A838C17CA271}.Release|Any CPU.ActiveCfg = Release|Any CPU
		{F6C3142C-A6A7-434E-A0DC-A838C17CA271}.Release|Any CPU.Build.0 = Release|Any CPU
	EndGlobalSection
	GlobalSection(SolutionProperties) = preSolution
		HideSolutionNode = FALSE
	EndGlobalSection
	GlobalSection(ExtensibilityGlobals) = postSolution
		SolutionGuid = {C5C1BAF6-C45F-49D6-A7DF-C0F9926FF8F7}
	EndGlobalSection
EndGlobal
