
Microsoft Visual Studio Solution File, Format Version 12.00
# Visual Studio 15
VisualStudioVersion = 15.0.27703.2047
MinimumVisualStudioVersion = 10.0.40219.1
Project("{FAE04EC0-301F-11D3-BF4B-00C04F79EFBC}") = "Central Telefonica", "Entidades\Central Telefonica.csproj", "{4F55D748-36D8-48C2-8B86-79FF49E7B82F}"
EndProject
Project("{FAE04EC0-301F-11D3-BF4B-00C04F79EFBC}") = "Test", "Test\Test.csproj", "{9CFB4DFA-EBE0-493B-BC5E-06991FF8A63A}"
EndProject
Project("{FAE04EC0-301F-11D3-BF4B-00C04F79EFBC}") = "WindowsFormsApp1", "WindowsFormsApp1\WindowsFormsApp1.csproj", "{4DDB3E4B-E56C-4C95-B7C0-1A9257AB4F03}"
EndProject
Project("{FAE04EC0-301F-11D3-BF4B-00C04F79EFBC}") = "TestUnitario", "TextUnitario\TestUnitario.csproj", "{ADF76B35-DCF0-4B5E-90D8-A78240AF01A1}"
EndProject
Global
	GlobalSection(SolutionConfigurationPlatforms) = preSolution
		Debug|Any CPU = Debug|Any CPU
		Release|Any CPU = Release|Any CPU
	EndGlobalSection
	GlobalSection(ProjectConfigurationPlatforms) = postSolution
		{4F55D748-36D8-48C2-8B86-79FF49E7B82F}.Debug|Any CPU.ActiveCfg = Debug|Any CPU
		{4F55D748-36D8-48C2-8B86-79FF49E7B82F}.Debug|Any CPU.Build.0 = Debug|Any CPU
		{4F55D748-36D8-48C2-8B86-79FF49E7B82F}.Release|Any CPU.ActiveCfg = Release|Any CPU
		{4F55D748-36D8-48C2-8B86-79FF49E7B82F}.Release|Any CPU.Build.0 = Release|Any CPU
		{9CFB4DFA-EBE0-493B-BC5E-06991FF8A63A}.Debug|Any CPU.ActiveCfg = Debug|Any CPU
		{9CFB4DFA-EBE0-493B-BC5E-06991FF8A63A}.Debug|Any CPU.Build.0 = Debug|Any CPU
		{9CFB4DFA-EBE0-493B-BC5E-06991FF8A63A}.Release|Any CPU.ActiveCfg = Release|Any CPU
		{9CFB4DFA-EBE0-493B-BC5E-06991FF8A63A}.Release|Any CPU.Build.0 = Release|Any CPU
		{4DDB3E4B-E56C-4C95-B7C0-1A9257AB4F03}.Debug|Any CPU.ActiveCfg = Debug|Any CPU
		{4DDB3E4B-E56C-4C95-B7C0-1A9257AB4F03}.Debug|Any CPU.Build.0 = Debug|Any CPU
		{4DDB3E4B-E56C-4C95-B7C0-1A9257AB4F03}.Release|Any CPU.ActiveCfg = Release|Any CPU
		{4DDB3E4B-E56C-4C95-B7C0-1A9257AB4F03}.Release|Any CPU.Build.0 = Release|Any CPU
		{ADF76B35-DCF0-4B5E-90D8-A78240AF01A1}.Debug|Any CPU.ActiveCfg = Debug|Any CPU
		{ADF76B35-DCF0-4B5E-90D8-A78240AF01A1}.Debug|Any CPU.Build.0 = Debug|Any CPU
		{ADF76B35-DCF0-4B5E-90D8-A78240AF01A1}.Release|Any CPU.ActiveCfg = Release|Any CPU
		{ADF76B35-DCF0-4B5E-90D8-A78240AF01A1}.Release|Any CPU.Build.0 = Release|Any CPU
	EndGlobalSection
	GlobalSection(SolutionProperties) = preSolution
		HideSolutionNode = FALSE
	EndGlobalSection
	GlobalSection(ExtensibilityGlobals) = postSolution
		SolutionGuid = {7FB83981-C67E-4294-9DCE-658A1E4AEC82}
	EndGlobalSection
EndGlobal
